{
  "name": "RawDataView",
  "lockfileVersion": 2,
  "requires": true,
  "packages": {
    "": {
      "dependencies": {
        "xml-formatter": "^2.6.1"
      }
    },
    "node_modules/xml-formatter": {
      "version": "2.6.1",
      "resolved": "https://registry.npmjs.org/xml-formatter/-/xml-formatter-2.6.1.tgz",
      "integrity": "sha512-dOiGwoqm8y22QdTNI7A+N03tyVfBlQ0/oehAzxIZtwnFAHGeSlrfjF73YQvzSsa/Kt6+YZasKsrdu6OIpuBggw==",
      "dependencies": {
        "xml-parser-xo": "^3.2.0"
      },
      "engines": {
        "node": ">= 10"
      }
    },
    "node_modules/xml-parser-xo": {
      "version": "3.2.0",
      "resolved": "https://registry.npmjs.org/xml-parser-xo/-/xml-parser-xo-3.2.0.tgz",
      "integrity": "sha512-8LRU6cq+d7mVsoDaMhnkkt3CTtAs4153p49fRo+HIB3I1FD1o5CeXRjRH29sQevIfVJIcPjKSsPU/+Ujhq09Rg==",
      "engines": {
        "node": ">= 10"
      }
    }
  },
  "dependencies": {
    "xml-formatter": {
      "version": "2.6.1",
      "resolved": "https://registry.npmjs.org/xml-formatter/-/xml-formatter-2.6.1.tgz",
      "integrity": "sha512-dOiGwoqm8y22QdTNI7A+N03tyVfBlQ0/oehAzxIZtwnFAHGeSlrfjF73YQvzSsa/Kt6+YZasKsrdu6OIpuBggw==",
      "requires": {
        "xml-parser-xo": "^3.2.0"
      }
    },
    "xml-parser-xo": {
      "version": "3.2.0",
      "resolved": "https://registry.npmjs.org/xml-parser-xo/-/xml-parser-xo-3.2.0.tgz",
      "integrity": "sha512-8LRU6cq+d7mVsoDaMhnkkt3CTtAs4153p49fRo+HIB3I1FD1o5CeXRjRH29sQevIfVJIcPjKSsPU/+Ujhq09Rg=="
    }
  }
}
